// !$*UTF8*$!
{
	archiveVersion = 1;
	classes = {
	};
	objectVersion = 46;
	objects = {

/* Begin PBXBuildFile section */
		054A290516AB71D400C2B9B6 /* Foundation.framework in Frameworks */ = {isa = PBXBuildFile; fileRef = 054A290416AB71D400C2B9B6 /* Foundation.framework */; };
		054A290A16AB71D400C2B9B6 /* libevil.h in CopyFiles */ = {isa = PBXBuildFile; fileRef = 054A290916AB71D400C2B9B6 /* libevil.h */; };
		054A290C16AB71D400C2B9B6 /* libevil.m in Sources */ = {isa = PBXBuildFile; fileRef = 054A290B16AB71D400C2B9B6 /* libevil.m */; };
		054A293416AB85D100C2B9B6 /* UIKit.framework in Frameworks */ = {isa = PBXBuildFile; fileRef = 054A291516AB71D400C2B9B6 /* UIKit.framework */; };
		054A293516AB85D100C2B9B6 /* Foundation.framework in Frameworks */ = {isa = PBXBuildFile; fileRef = 054A290416AB71D400C2B9B6 /* Foundation.framework */; };
		054A293716AB85D100C2B9B6 /* CoreGraphics.framework in Frameworks */ = {isa = PBXBuildFile; fileRef = 054A293616AB85D100C2B9B6 /* CoreGraphics.framework */; };
		054A293D16AB85D100C2B9B6 /* InfoPlist.strings in Resources */ = {isa = PBXBuildFile; fileRef = 054A293B16AB85D100C2B9B6 /* InfoPlist.strings */; };
		054A293F16AB85D100C2B9B6 /* main.m in Sources */ = {isa = PBXBuildFile; fileRef = 054A293E16AB85D100C2B9B6 /* main.m */; };
		054A294316AB85D100C2B9B6 /* AppDelegate.m in Sources */ = {isa = PBXBuildFile; fileRef = 054A294216AB85D100C2B9B6 /* AppDelegate.m */; };
		054A294516AB85D100C2B9B6 /* Default.png in Resources */ = {isa = PBXBuildFile; fileRef = 054A294416AB85D100C2B9B6 /* Default.png */; };
		054A294716AB85D100C2B9B6 /* Default@2x.png in Resources */ = {isa = PBXBuildFile; fileRef = 054A294616AB85D100C2B9B6 /* Default@2x.png */; };
		054A294916AB85D100C2B9B6 /* Default-568h@2x.png in Resources */ = {isa = PBXBuildFile; fileRef = 054A294816AB85D100C2B9B6 /* Default-568h@2x.png */; };
		FCAC1CA51CBD70D3004B6BC5 /* PureEvilKit.h in Headers */ = {isa = PBXBuildFile; fileRef = FCAC1CA41CBD70D3004B6BC5 /* PureEvilKit.h */; settings = {ATTRIBUTES = (Public, ); }; };
		FCAC1CAC1CBD70D4004B6BC5 /* PureEvilKit.framework in Frameworks */ = {isa = PBXBuildFile; fileRef = FCAC1CA21CBD70D3004B6BC5 /* PureEvilKit.framework */; };
		FCAC1CB31CBD70D4004B6BC5 /* PureEvilKitTests.m in Sources */ = {isa = PBXBuildFile; fileRef = FCAC1CB21CBD70D4004B6BC5 /* PureEvilKitTests.m */; };
		FCAC1CB71CBD70D4004B6BC5 /* PureEvilKit.framework in Frameworks */ = {isa = PBXBuildFile; fileRef = FCAC1CA21CBD70D3004B6BC5 /* PureEvilKit.framework */; };
		FCAC1CB81CBD70D4004B6BC5 /* PureEvilKit.framework in Embed Frameworks */ = {isa = PBXBuildFile; fileRef = FCAC1CA21CBD70D3004B6BC5 /* PureEvilKit.framework */; settings = {ATTRIBUTES = (CodeSignOnCopy, RemoveHeadersOnCopy, ); }; };
		FCAC1CC21CBD7114004B6BC5 /* PEManager.h in Headers */ = {isa = PBXBuildFile; fileRef = FCAC1CC01CBD7114004B6BC5 /* PEManager.h */; settings = {ATTRIBUTES = (Public, ); }; };
		FCAC1CC31CBD7114004B6BC5 /* PEManager.m in Sources */ = {isa = PBXBuildFile; fileRef = FCAC1CC11CBD7114004B6BC5 /* PEManager.m */; };
		FCAC1CC61CBD7143004B6BC5 /* PEPatch.h in Headers */ = {isa = PBXBuildFile; fileRef = FCAC1CC41CBD7143004B6BC5 /* PEPatch.h */; settings = {ATTRIBUTES = (Public, ); }; };
		FCAC1CC71CBD7143004B6BC5 /* PEPatch.m in Sources */ = {isa = PBXBuildFile; fileRef = FCAC1CC51CBD7143004B6BC5 /* PEPatch.m */; };
		FCAC1CCA1CBD764C004B6BC5 /* PureEvil.h in Headers */ = {isa = PBXBuildFile; fileRef = FCAC1CC81CBD764C004B6BC5 /* PureEvil.h */; };
		FCAC1CCB1CBD764C004B6BC5 /* PureEvil.m in Sources */ = {isa = PBXBuildFile; fileRef = FCAC1CC91CBD764C004B6BC5 /* PureEvil.m */; };
/* End PBXBuildFile section */

/* Begin PBXContainerItemProxy section */
		054A294D16AB862500C2B9B6 /* PBXContainerItemProxy */ = {
			isa = PBXContainerItemProxy;
			containerPortal = 054A28F816AB71D400C2B9B6 /* Project object */;
			proxyType = 1;
			remoteGlobalIDString = 054A290016AB71D400C2B9B6;
			remoteInfo = libevil;
		};
		FCAC1CAD1CBD70D4004B6BC5 /* PBXContainerItemProxy */ = {
			isa = PBXContainerItemProxy;
			containerPortal = 054A28F816AB71D400C2B9B6 /* Project object */;
			proxyType = 1;
			remoteGlobalIDString = FCAC1CA11CBD70D3004B6BC5;
			remoteInfo = PureEvilKit;
		};
		FCAC1CAF1CBD70D4004B6BC5 /* PBXContainerItemProxy */ = {
			isa = PBXContainerItemProxy;
			containerPortal = 054A28F816AB71D400C2B9B6 /* Project object */;
			proxyType = 1;
			remoteGlobalIDString = 054A293116AB85D100C2B9B6;
			remoteInfo = testEvil;
		};
		FCAC1CB51CBD70D4004B6BC5 /* PBXContainerItemProxy */ = {
			isa = PBXContainerItemProxy;
			containerPortal = 054A28F816AB71D400C2B9B6 /* Project object */;
			proxyType = 1;
			remoteGlobalIDString = FCAC1CA11CBD70D3004B6BC5;
			remoteInfo = PureEvilKit;
		};
/* End PBXContainerItemProxy section */

/* Begin PBXCopyFilesBuildPhase section */
		054A28FF16AB71D400C2B9B6 /* CopyFiles */ = {
			isa = PBXCopyFilesBuildPhase;
			buildActionMask = 2147483647;
			dstPath = "include/${PRODUCT_NAME}";
			dstSubfolderSpec = 16;
			files = (
				054A290A16AB71D400C2B9B6 /* libevil.h in CopyFiles */,
			);
			runOnlyForDeploymentPostprocessing = 0;
		};
		FCAC1CBC1CBD70D4004B6BC5 /* Embed Frameworks */ = {
			isa = PBXCopyFilesBuildPhase;
			buildActionMask = 2147483647;
			dstPath = "";
			dstSubfolderSpec = 10;
			files = (
				FCAC1CB81CBD70D4004B6BC5 /* PureEvilKit.framework in Embed Frameworks */,
			);
			name = "Embed Frameworks";
			runOnlyForDeploymentPostprocessing = 0;
		};
/* End PBXCopyFilesBuildPhase section */

/* Begin PBXFileReference section */
		054A290116AB71D400C2B9B6 /* liblibevil.a */ = {isa = PBXFileReference; explicitFileType = archive.ar; includeInIndex = 0; path = liblibevil.a; sourceTree = BUILT_PRODUCTS_DIR; };
		054A290416AB71D400C2B9B6 /* Foundation.framework */ = {isa = PBXFileReference; lastKnownFileType = wrapper.framework; name = Foundation.framework; path = System/Library/Frameworks/Foundation.framework; sourceTree = SDKROOT; };
		054A290816AB71D400C2B9B6 /* libevil-Prefix.pch */ = {isa = PBXFileReference; lastKnownFileType = sourcecode.c.h; path = "libevil-Prefix.pch"; sourceTree = "<group>"; };
		054A290916AB71D400C2B9B6 /* libevil.h */ = {isa = PBXFileReference; lastKnownFileType = sourcecode.c.h; path = libevil.h; sourceTree = "<group>"; };
		054A290B16AB71D400C2B9B6 /* libevil.m */ = {isa = PBXFileReference; lastKnownFileType = sourcecode.c.objc; path = libevil.m; sourceTree = "<group>"; };
		054A291316AB71D400C2B9B6 /* SenTestingKit.framework */ = {isa = PBXFileReference; lastKnownFileType = wrapper.framework; name = SenTestingKit.framework; path = Library/Frameworks/SenTestingKit.framework; sourceTree = DEVELOPER_DIR; };
		054A291516AB71D400C2B9B6 /* UIKit.framework */ = {isa = PBXFileReference; lastKnownFileType = wrapper.framework; name = UIKit.framework; path = Library/Frameworks/UIKit.framework; sourceTree = DEVELOPER_DIR; };
		054A293216AB85D100C2B9B6 /* testEvil.app */ = {isa = PBXFileReference; explicitFileType = wrapper.application; includeInIndex = 0; path = testEvil.app; sourceTree = BUILT_PRODUCTS_DIR; };
		054A293616AB85D100C2B9B6 /* CoreGraphics.framework */ = {isa = PBXFileReference; lastKnownFileType = wrapper.framework; name = CoreGraphics.framework; path = System/Library/Frameworks/CoreGraphics.framework; sourceTree = SDKROOT; };
		054A293A16AB85D100C2B9B6 /* testEvil-Info.plist */ = {isa = PBXFileReference; lastKnownFileType = text.plist.xml; path = "testEvil-Info.plist"; sourceTree = "<group>"; };
		054A293C16AB85D100C2B9B6 /* en */ = {isa = PBXFileReference; lastKnownFileType = text.plist.strings; name = en; path = en.lproj/InfoPlist.strings; sourceTree = "<group>"; };
		054A293E16AB85D100C2B9B6 /* main.m */ = {isa = PBXFileReference; lastKnownFileType = sourcecode.c.objc; path = main.m; sourceTree = "<group>"; };
		054A294016AB85D100C2B9B6 /* testEvil-Prefix.pch */ = {isa = PBXFileReference; lastKnownFileType = sourcecode.c.h; path = "testEvil-Prefix.pch"; sourceTree = "<group>"; };
		054A294116AB85D100C2B9B6 /* AppDelegate.h */ = {isa = PBXFileReference; lastKnownFileType = sourcecode.c.h; path = AppDelegate.h; sourceTree = "<group>"; };
		054A294216AB85D100C2B9B6 /* AppDelegate.m */ = {isa = PBXFileReference; lastKnownFileType = sourcecode.c.objc; path = AppDelegate.m; sourceTree = "<group>"; };
		054A294416AB85D100C2B9B6 /* Default.png */ = {isa = PBXFileReference; lastKnownFileType = image.png; path = Default.png; sourceTree = "<group>"; };
		054A294616AB85D100C2B9B6 /* Default@2x.png */ = {isa = PBXFileReference; lastKnownFileType = image.png; path = "Default@2x.png"; sourceTree = "<group>"; };
		054A294816AB85D100C2B9B6 /* Default-568h@2x.png */ = {isa = PBXFileReference; lastKnownFileType = image.png; path = "Default-568h@2x.png"; sourceTree = "<group>"; };
		FCAC1CA21CBD70D3004B6BC5 /* PureEvilKit.framework */ = {isa = PBXFileReference; explicitFileType = wrapper.framework; includeInIndex = 0; path = PureEvilKit.framework; sourceTree = BUILT_PRODUCTS_DIR; };
		FCAC1CA41CBD70D3004B6BC5 /* PureEvilKit.h */ = {isa = PBXFileReference; lastKnownFileType = sourcecode.c.h; path = PureEvilKit.h; sourceTree = "<group>"; };
		FCAC1CA61CBD70D3004B6BC5 /* Info.plist */ = {isa = PBXFileReference; lastKnownFileType = text.plist.xml; path = Info.plist; sourceTree = "<group>"; };
		FCAC1CAB1CBD70D4004B6BC5 /* PureEvilKitTests.xctest */ = {isa = PBXFileReference; explicitFileType = wrapper.cfbundle; includeInIndex = 0; path = PureEvilKitTests.xctest; sourceTree = BUILT_PRODUCTS_DIR; };
		FCAC1CB21CBD70D4004B6BC5 /* PureEvilKitTests.m */ = {isa = PBXFileReference; lastKnownFileType = sourcecode.c.objc; path = PureEvilKitTests.m; sourceTree = "<group>"; };
		FCAC1CB41CBD70D4004B6BC5 /* Info.plist */ = {isa = PBXFileReference; lastKnownFileType = text.plist.xml; path = Info.plist; sourceTree = "<group>"; };
		FCAC1CC01CBD7114004B6BC5 /* PEManager.h */ = {isa = PBXFileReference; fileEncoding = 4; lastKnownFileType = sourcecode.c.h; path = PEManager.h; sourceTree = "<group>"; };
		FCAC1CC11CBD7114004B6BC5 /* PEManager.m */ = {isa = PBXFileReference; fileEncoding = 4; lastKnownFileType = sourcecode.c.objc; path = PEManager.m; sourceTree = "<group>"; };
		FCAC1CC41CBD7143004B6BC5 /* PEPatch.h */ = {isa = PBXFileReference; fileEncoding = 4; lastKnownFileType = sourcecode.c.h; path = PEPatch.h; sourceTree = "<group>"; };
		FCAC1CC51CBD7143004B6BC5 /* PEPatch.m */ = {isa = PBXFileReference; fileEncoding = 4; lastKnownFileType = sourcecode.c.objc; path = PEPatch.m; sourceTree = "<group>"; };
		FCAC1CC81CBD764C004B6BC5 /* PureEvil.h */ = {isa = PBXFileReference; fileEncoding = 4; lastKnownFileType = sourcecode.c.h; path = PureEvil.h; sourceTree = "<group>"; };
		FCAC1CC91CBD764C004B6BC5 /* PureEvil.m */ = {isa = PBXFileReference; fileEncoding = 4; lastKnownFileType = sourcecode.c.objc; path = PureEvil.m; sourceTree = "<group>"; };
/* End PBXFileReference section */

/* Begin PBXFrameworksBuildPhase section */
		054A28FE16AB71D400C2B9B6 /* Frameworks */ = {
			isa = PBXFrameworksBuildPhase;
			buildActionMask = 2147483647;
			files = (
				054A290516AB71D400C2B9B6 /* Foundation.framework in Frameworks */,
			);
			runOnlyForDeploymentPostprocessing = 0;
		};
		054A292F16AB85D100C2B9B6 /* Frameworks */ = {
			isa = PBXFrameworksBuildPhase;
			buildActionMask = 2147483647;
			files = (
				054A293416AB85D100C2B9B6 /* UIKit.framework in Frameworks */,
				FCAC1CB71CBD70D4004B6BC5 /* PureEvilKit.framework in Frameworks */,
				054A293516AB85D100C2B9B6 /* Foundation.framework in Frameworks */,
				054A293716AB85D100C2B9B6 /* CoreGraphics.framework in Frameworks */,
			);
			runOnlyForDeploymentPostprocessing = 0;
		};
		FCAC1C9E1CBD70D3004B6BC5 /* Frameworks */ = {
			isa = PBXFrameworksBuildPhase;
			buildActionMask = 2147483647;
			files = (
			);
			runOnlyForDeploymentPostprocessing = 0;
		};
		FCAC1CA81CBD70D4004B6BC5 /* Frameworks */ = {
			isa = PBXFrameworksBuildPhase;
			buildActionMask = 2147483647;
			files = (
				FCAC1CAC1CBD70D4004B6BC5 /* PureEvilKit.framework in Frameworks */,
			);
			runOnlyForDeploymentPostprocessing = 0;
		};
/* End PBXFrameworksBuildPhase section */

/* Begin PBXGroup section */
		054A28F616AB71D400C2B9B6 = {
			isa = PBXGroup;
			children = (
				054A290616AB71D400C2B9B6 /* libevil */,
				054A293816AB85D100C2B9B6 /* testEvil */,
				FCAC1CA31CBD70D3004B6BC5 /* PureEvilKit */,
				FCAC1CB11CBD70D4004B6BC5 /* PureEvilKitTests */,
				054A290316AB71D400C2B9B6 /* Frameworks */,
				054A290216AB71D400C2B9B6 /* Products */,
			);
			sourceTree = "<group>";
		};
		054A290216AB71D400C2B9B6 /* Products */ = {
			isa = PBXGroup;
			children = (
				054A290116AB71D400C2B9B6 /* liblibevil.a */,
				054A293216AB85D100C2B9B6 /* testEvil.app */,
				FCAC1CA21CBD70D3004B6BC5 /* PureEvilKit.framework */,
				FCAC1CAB1CBD70D4004B6BC5 /* PureEvilKitTests.xctest */,
			);
			name = Products;
			sourceTree = "<group>";
		};
		054A290316AB71D400C2B9B6 /* Frameworks */ = {
			isa = PBXGroup;
			children = (
				054A290416AB71D400C2B9B6 /* Foundation.framework */,
				054A291316AB71D400C2B9B6 /* SenTestingKit.framework */,
				054A291516AB71D400C2B9B6 /* UIKit.framework */,
				054A293616AB85D100C2B9B6 /* CoreGraphics.framework */,
			);
			name = Frameworks;
			sourceTree = "<group>";
		};
		054A290616AB71D400C2B9B6 /* libevil */ = {
			isa = PBXGroup;
			children = (
				054A290916AB71D400C2B9B6 /* libevil.h */,
				054A290B16AB71D400C2B9B6 /* libevil.m */,
				054A290716AB71D400C2B9B6 /* Supporting Files */,
			);
			path = libevil;
			sourceTree = "<group>";
		};
		054A290716AB71D400C2B9B6 /* Supporting Files */ = {
			isa = PBXGroup;
			children = (
				054A290816AB71D400C2B9B6 /* libevil-Prefix.pch */,
			);
			name = "Supporting Files";
			sourceTree = "<group>";
		};
		054A293816AB85D100C2B9B6 /* testEvil */ = {
			isa = PBXGroup;
			children = (
				054A294116AB85D100C2B9B6 /* AppDelegate.h */,
				054A294216AB85D100C2B9B6 /* AppDelegate.m */,
				054A293916AB85D100C2B9B6 /* Supporting Files */,
			);
			path = testEvil;
			sourceTree = "<group>";
		};
		054A293916AB85D100C2B9B6 /* Supporting Files */ = {
			isa = PBXGroup;
			children = (
				054A293A16AB85D100C2B9B6 /* testEvil-Info.plist */,
				054A293B16AB85D100C2B9B6 /* InfoPlist.strings */,
				054A293E16AB85D100C2B9B6 /* main.m */,
				054A294016AB85D100C2B9B6 /* testEvil-Prefix.pch */,
				054A294416AB85D100C2B9B6 /* Default.png */,
				054A294616AB85D100C2B9B6 /* Default@2x.png */,
				054A294816AB85D100C2B9B6 /* Default-568h@2x.png */,
			);
			name = "Supporting Files";
			sourceTree = "<group>";
		};
		FC50C1F11CBE7F1E00BE8D25 /* Abstracted */ = {
			isa = PBXGroup;
			children = (
				FCAC1CC41CBD7143004B6BC5 /* PEPatch.h */,
				FCAC1CC51CBD7143004B6BC5 /* PEPatch.m */,
				FCAC1CC01CBD7114004B6BC5 /* PEManager.h */,
				FCAC1CC11CBD7114004B6BC5 /* PEManager.m */,
			);
			name = Abstracted;
			sourceTree = "<group>";
		};
		FC50C1F21CBE7F2700BE8D25 /* Backend */ = {
			isa = PBXGroup;
			children = (
				FCAC1CC81CBD764C004B6BC5 /* PureEvil.h */,
				FCAC1CC91CBD764C004B6BC5 /* PureEvil.m */,
			);
			name = Backend;
			sourceTree = "<group>";
		};
		FCAC1CA31CBD70D3004B6BC5 /* PureEvilKit */ = {
			isa = PBXGroup;
			children = (
				FCAC1CA41CBD70D3004B6BC5 /* PureEvilKit.h */,
				FC50C1F11CBE7F1E00BE8D25 /* Abstracted */,
				FC50C1F21CBE7F2700BE8D25 /* Backend */,
				FCAC1CA61CBD70D3004B6BC5 /* Info.plist */,
			);
			path = PureEvilKit;
			sourceTree = "<group>";
		};
		FCAC1CB11CBD70D4004B6BC5 /* PureEvilKitTests */ = {
			isa = PBXGroup;
			children = (
				FCAC1CB21CBD70D4004B6BC5 /* PureEvilKitTests.m */,
				FCAC1CB41CBD70D4004B6BC5 /* Info.plist */,
			);
			path = PureEvilKitTests;
			sourceTree = "<group>";
		};
/* End PBXGroup section */

/* Begin PBXHeadersBuildPhase section */
		FCAC1C9F1CBD70D3004B6BC5 /* Headers */ = {
			isa = PBXHeadersBuildPhase;
			buildActionMask = 2147483647;
			files = (
				FCAC1CCA1CBD764C004B6BC5 /* PureEvil.h in Headers */,
				FCAC1CC61CBD7143004B6BC5 /* PEPatch.h in Headers */,
				FCAC1CC21CBD7114004B6BC5 /* PEManager.h in Headers */,
				FCAC1CA51CBD70D3004B6BC5 /* PureEvilKit.h in Headers */,
			);
			runOnlyForDeploymentPostprocessing = 0;
		};
/* End PBXHeadersBuildPhase section */

/* Begin PBXNativeTarget section */
		054A290016AB71D400C2B9B6 /* libevil */ = {
			isa = PBXNativeTarget;
			buildConfigurationList = 054A292616AB71D400C2B9B6 /* Build configuration list for PBXNativeTarget "libevil" */;
			buildPhases = (
				054A28FD16AB71D400C2B9B6 /* Sources */,
				054A28FE16AB71D400C2B9B6 /* Frameworks */,
				054A28FF16AB71D400C2B9B6 /* CopyFiles */,
			);
			buildRules = (
			);
			dependencies = (
			);
			name = libevil;
			productName = libevil;
			productReference = 054A290116AB71D400C2B9B6 /* liblibevil.a */;
			productType = "com.apple.product-type.library.static";
		};
		054A293116AB85D100C2B9B6 /* testEvil */ = {
			isa = PBXNativeTarget;
			buildConfigurationList = 054A294A16AB85D100C2B9B6 /* Build configuration list for PBXNativeTarget "testEvil" */;
			buildPhases = (
				054A292E16AB85D100C2B9B6 /* Sources */,
				054A292F16AB85D100C2B9B6 /* Frameworks */,
				054A293016AB85D100C2B9B6 /* Resources */,
				FCAC1CBC1CBD70D4004B6BC5 /* Embed Frameworks */,
			);
			buildRules = (
			);
			dependencies = (
				054A294E16AB862500C2B9B6 /* PBXTargetDependency */,
				FCAC1CB61CBD70D4004B6BC5 /* PBXTargetDependency */,
			);
			name = testEvil;
			productName = testEvil;
			productReference = 054A293216AB85D100C2B9B6 /* testEvil.app */;
			productType = "com.apple.product-type.application";
		};
		FCAC1CA11CBD70D3004B6BC5 /* PureEvilKit */ = {
			isa = PBXNativeTarget;
			buildConfigurationList = FCAC1CB91CBD70D4004B6BC5 /* Build configuration list for PBXNativeTarget "PureEvilKit" */;
			buildPhases = (
				FCAC1C9D1CBD70D3004B6BC5 /* Sources */,
				FCAC1C9E1CBD70D3004B6BC5 /* Frameworks */,
				FCAC1C9F1CBD70D3004B6BC5 /* Headers */,
				FCAC1CA01CBD70D3004B6BC5 /* Resources */,
			);
			buildRules = (
			);
			dependencies = (
			);
			name = PureEvilKit;
			productName = PureEvilKit;
			productReference = FCAC1CA21CBD70D3004B6BC5 /* PureEvilKit.framework */;
			productType = "com.apple.product-type.framework";
		};
		FCAC1CAA1CBD70D4004B6BC5 /* PureEvilKitTests */ = {
			isa = PBXNativeTarget;
			buildConfigurationList = FCAC1CBD1CBD70D4004B6BC5 /* Build configuration list for PBXNativeTarget "PureEvilKitTests" */;
			buildPhases = (
				FCAC1CA71CBD70D4004B6BC5 /* Sources */,
				FCAC1CA81CBD70D4004B6BC5 /* Frameworks */,
				FCAC1CA91CBD70D4004B6BC5 /* Resources */,
			);
			buildRules = (
			);
			dependencies = (
				FCAC1CAE1CBD70D4004B6BC5 /* PBXTargetDependency */,
				FCAC1CB01CBD70D4004B6BC5 /* PBXTargetDependency */,
			);
			name = PureEvilKitTests;
			productName = PureEvilKitTests;
			productReference = FCAC1CAB1CBD70D4004B6BC5 /* PureEvilKitTests.xctest */;
			productType = "com.apple.product-type.bundle.unit-test";
		};
/* End PBXNativeTarget section */

/* Begin PBXProject section */
		054A28F816AB71D400C2B9B6 /* Project object */ = {
			isa = PBXProject;
			attributes = {
				LastUpgradeCheck = 0730;
				ORGANIZATIONNAME = "Landon Fuller";
				TargetAttributes = {
					FCAC1CA11CBD70D3004B6BC5 = {
						CreatedOnToolsVersion = 7.3;
					};
					FCAC1CAA1CBD70D4004B6BC5 = {
						CreatedOnToolsVersion = 7.3;
					};
				};
			};
			buildConfigurationList = 054A28FB16AB71D400C2B9B6 /* Build configuration list for PBXProject "libevil" */;
			compatibilityVersion = "Xcode 3.2";
			developmentRegion = English;
			hasScannedForEncodings = 0;
			knownRegions = (
				en,
			);
			mainGroup = 054A28F616AB71D400C2B9B6;
			productRefGroup = 054A290216AB71D400C2B9B6 /* Products */;
			projectDirPath = "";
			projectRoot = "";
			targets = (
				054A290016AB71D400C2B9B6 /* libevil */,
				054A293116AB85D100C2B9B6 /* testEvil */,
				FCAC1CA11CBD70D3004B6BC5 /* PureEvilKit */,
				FCAC1CAA1CBD70D4004B6BC5 /* PureEvilKitTests */,
			);
		};
/* End PBXProject section */

/* Begin PBXResourcesBuildPhase section */
		054A293016AB85D100C2B9B6 /* Resources */ = {
			isa = PBXResourcesBuildPhase;
			buildActionMask = 2147483647;
			files = (
				054A293D16AB85D100C2B9B6 /* InfoPlist.strings in Resources */,
				054A294516AB85D100C2B9B6 /* Default.png in Resources */,
				054A294716AB85D100C2B9B6 /* Default@2x.png in Resources */,
				054A294916AB85D100C2B9B6 /* Default-568h@2x.png in Resources */,
			);
			runOnlyForDeploymentPostprocessing = 0;
		};
		FCAC1CA01CBD70D3004B6BC5 /* Resources */ = {
			isa = PBXResourcesBuildPhase;
			buildActionMask = 2147483647;
			files = (
			);
			runOnlyForDeploymentPostprocessing = 0;
		};
		FCAC1CA91CBD70D4004B6BC5 /* Resources */ = {
			isa = PBXResourcesBuildPhase;
			buildActionMask = 2147483647;
			files = (
			);
			runOnlyForDeploymentPostprocessing = 0;
		};
/* End PBXResourcesBuildPhase section */

/* Begin PBXSourcesBuildPhase section */
		054A28FD16AB71D400C2B9B6 /* Sources */ = {
			isa = PBXSourcesBuildPhase;
			buildActionMask = 2147483647;
			files = (
				054A290C16AB71D400C2B9B6 /* libevil.m in Sources */,
			);
			runOnlyForDeploymentPostprocessing = 0;
		};
		054A292E16AB85D100C2B9B6 /* Sources */ = {
			isa = PBXSourcesBuildPhase;
			buildActionMask = 2147483647;
			files = (
				054A293F16AB85D100C2B9B6 /* main.m in Sources */,
				054A294316AB85D100C2B9B6 /* AppDelegate.m in Sources */,
			);
			runOnlyForDeploymentPostprocessing = 0;
		};
		FCAC1C9D1CBD70D3004B6BC5 /* Sources */ = {
			isa = PBXSourcesBuildPhase;
			buildActionMask = 2147483647;
			files = (
				FCAC1CCB1CBD764C004B6BC5 /* PureEvil.m in Sources */,
				FCAC1CC31CBD7114004B6BC5 /* PEManager.m in Sources */,
				FCAC1CC71CBD7143004B6BC5 /* PEPatch.m in Sources */,
			);
			runOnlyForDeploymentPostprocessing = 0;
		};
		FCAC1CA71CBD70D4004B6BC5 /* Sources */ = {
			isa = PBXSourcesBuildPhase;
			buildActionMask = 2147483647;
			files = (
				FCAC1CB31CBD70D4004B6BC5 /* PureEvilKitTests.m in Sources */,
			);
			runOnlyForDeploymentPostprocessing = 0;
		};
/* End PBXSourcesBuildPhase section */

/* Begin PBXTargetDependency section */
		054A294E16AB862500C2B9B6 /* PBXTargetDependency */ = {
			isa = PBXTargetDependency;
			target = 054A290016AB71D400C2B9B6 /* libevil */;
			targetProxy = 054A294D16AB862500C2B9B6 /* PBXContainerItemProxy */;
		};
		FCAC1CAE1CBD70D4004B6BC5 /* PBXTargetDependency */ = {
			isa = PBXTargetDependency;
			target = FCAC1CA11CBD70D3004B6BC5 /* PureEvilKit */;
			targetProxy = FCAC1CAD1CBD70D4004B6BC5 /* PBXContainerItemProxy */;
		};
		FCAC1CB01CBD70D4004B6BC5 /* PBXTargetDependency */ = {
			isa = PBXTargetDependency;
			target = 054A293116AB85D100C2B9B6 /* testEvil */;
			targetProxy = FCAC1CAF1CBD70D4004B6BC5 /* PBXContainerItemProxy */;
		};
		FCAC1CB61CBD70D4004B6BC5 /* PBXTargetDependency */ = {
			isa = PBXTargetDependency;
			target = FCAC1CA11CBD70D3004B6BC5 /* PureEvilKit */;
			targetProxy = FCAC1CB51CBD70D4004B6BC5 /* PBXContainerItemProxy */;
		};
/* End PBXTargetDependency section */

/* Begin PBXVariantGroup section */
		054A293B16AB85D100C2B9B6 /* InfoPlist.strings */ = {
			isa = PBXVariantGroup;
			children = (
				054A293C16AB85D100C2B9B6 /* en */,
			);
			name = InfoPlist.strings;
			sourceTree = "<group>";
		};
/* End PBXVariantGroup section */

/* Begin XCBuildConfiguration section */
		054A292416AB71D400C2B9B6 /* Debug */ = {
			isa = XCBuildConfiguration;
			buildSettings = {
				ALWAYS_SEARCH_USER_PATHS = NO;
				CLANG_CXX_LANGUAGE_STANDARD = "gnu++0x";
				CLANG_CXX_LIBRARY = "libc++";
				CLANG_ENABLE_OBJC_ARC = YES;
				CLANG_WARN_EMPTY_BODY = YES;
				CLANG_WARN__DUPLICATE_METHOD_MATCH = YES;
				COPY_PHASE_STRIP = NO;
				ENABLE_TESTABILITY = YES;
				GCC_C_LANGUAGE_STANDARD = gnu99;
				GCC_DYNAMIC_NO_PIC = NO;
				GCC_OPTIMIZATION_LEVEL = 0;
				GCC_PREPROCESSOR_DEFINITIONS = (
					"DEBUG=1",
					"$(inherited)",
				);
				GCC_SYMBOLS_PRIVATE_EXTERN = NO;
				GCC_WARN_ABOUT_RETURN_TYPE = YES;
				GCC_WARN_UNINITIALIZED_AUTOS = YES;
				GCC_WARN_UNUSED_VARIABLE = YES;
				IPHONEOS_DEPLOYMENT_TARGET = 6.0;
				ONLY_ACTIVE_ARCH = YES;
				SDKROOT = iphoneos;
			};
			name = Debug;
		};
		054A292516AB71D400C2B9B6 /* Release */ = {
			isa = XCBuildConfiguration;
			buildSettings = {
				ALWAYS_SEARCH_USER_PATHS = NO;
				CLANG_CXX_LANGUAGE_STANDARD = "gnu++0x";
				CLANG_CXX_LIBRARY = "libc++";
				CLANG_ENABLE_OBJC_ARC = YES;
				CLANG_WARN_EMPTY_BODY = YES;
				CLANG_WARN__DUPLICATE_METHOD_MATCH = YES;
				COPY_PHASE_STRIP = YES;
				GCC_C_LANGUAGE_STANDARD = gnu99;
				GCC_WARN_ABOUT_RETURN_TYPE = YES;
				GCC_WARN_UNINITIALIZED_AUTOS = YES;
				GCC_WARN_UNUSED_VARIABLE = YES;
				IPHONEOS_DEPLOYMENT_TARGET = 6.0;
				SDKROOT = iphoneos;
				VALIDATE_PRODUCT = YES;
			};
			name = Release;
		};
		054A292716AB71D400C2B9B6 /* Debug */ = {
			isa = XCBuildConfiguration;
			buildSettings = {
				DSTROOT = /tmp/libevil.dst;
				GCC_PRECOMPILE_PREFIX_HEADER = YES;
				GCC_PREFIX_HEADER = "libevil/libevil-Prefix.pch";
				OTHER_LDFLAGS = "-ObjC";
				PRODUCT_NAME = "$(TARGET_NAME)";
				SKIP_INSTALL = YES;
			};
			name = Debug;
		};
		054A292816AB71D400C2B9B6 /* Release */ = {
			isa = XCBuildConfiguration;
			buildSettings = {
				DSTROOT = /tmp/libevil.dst;
				GCC_PRECOMPILE_PREFIX_HEADER = YES;
				GCC_PREFIX_HEADER = "libevil/libevil-Prefix.pch";
				OTHER_LDFLAGS = "-ObjC";
				PRODUCT_NAME = "$(TARGET_NAME)";
				SKIP_INSTALL = YES;
			};
			name = Release;
		};
		054A294B16AB85D100C2B9B6 /* Debug */ = {
			isa = XCBuildConfiguration;
			buildSettings = {
				"CODE_SIGN_IDENTITY[sdk=iphoneos*]" = "iPhone Developer";
				FRAMEWORK_SEARCH_PATHS = (
					"$(inherited)",
					"\"$(SYSTEM_APPS_DIR)/Xcode.app/Contents/Developer/Library/Frameworks\"",
				);
				GCC_PRECOMPILE_PREFIX_HEADER = YES;
				GCC_PREFIX_HEADER = "testEvil/testEvil-Prefix.pch";
				INFOPLIST_FILE = "testEvil/testEvil-Info.plist";
				IPHONEOS_DEPLOYMENT_TARGET = 8.0;
				LD_RUNPATH_SEARCH_PATHS = "$(inherited) @executable_path/Frameworks";
				ONLY_ACTIVE_ARCH = YES;
				PRODUCT_BUNDLE_IDENTIFIER = "org.bikemonkey.${PRODUCT_NAME:rfc1034identifier}";
				PRODUCT_NAME = "$(TARGET_NAME)";
				TARGETED_DEVICE_FAMILY = "1,2";
				WRAPPER_EXTENSION = app;
			};
			name = Debug;
		};
		054A294C16AB85D100C2B9B6 /* Release */ = {
			isa = XCBuildConfiguration;
			buildSettings = {
				"CODE_SIGN_IDENTITY[sdk=iphoneos*]" = "iPhone Developer";
				FRAMEWORK_SEARCH_PATHS = (
					"$(inherited)",
					"\"$(SYSTEM_APPS_DIR)/Xcode.app/Contents/Developer/Library/Frameworks\"",
				);
				GCC_PRECOMPILE_PREFIX_HEADER = YES;
				GCC_PREFIX_HEADER = "testEvil/testEvil-Prefix.pch";
				INFOPLIST_FILE = "testEvil/testEvil-Info.plist";
				IPHONEOS_DEPLOYMENT_TARGET = 8.0;
				LD_RUNPATH_SEARCH_PATHS = "$(inherited) @executable_path/Frameworks";
				ONLY_ACTIVE_ARCH = NO;
				OTHER_CFLAGS = "-DNS_BLOCK_ASSERTIONS=1";
				PRODUCT_BUNDLE_IDENTIFIER = "org.bikemonkey.${PRODUCT_NAME:rfc1034identifier}";
				PRODUCT_NAME = "$(TARGET_NAME)";
				TARGETED_DEVICE_FAMILY = "1,2";
				WRAPPER_EXTENSION = app;
			};
			name = Release;
		};
		FCAC1CBA1CBD70D4004B6BC5 /* Debug */ = {
			isa = XCBuildConfiguration;
			buildSettings = {
				CLANG_ANALYZER_NONNULL = YES;
				CLANG_ENABLE_MODULES = YES;
				CLANG_WARN_BOOL_CONVERSION = YES;
				CLANG_WARN_CONSTANT_CONVERSION = YES;
				CLANG_WARN_DIRECT_OBJC_ISA_USAGE = YES_ERROR;
				CLANG_WARN_ENUM_CONVERSION = YES;
				CLANG_WARN_INT_CONVERSION = YES;
				CLANG_WARN_OBJC_ROOT_CLASS = YES_ERROR;
				CLANG_WARN_UNREACHABLE_CODE = YES;
				"CODE_SIGN_IDENTITY[sdk=iphoneos*]" = "iPhone Developer";
				CURRENT_PROJECT_VERSION = 1;
				DEBUG_INFORMATION_FORMAT = dwarf;
				DEFINES_MODULE = YES;
				DYLIB_COMPATIBILITY_VERSION = 1;
				DYLIB_CURRENT_VERSION = 1;
				DYLIB_INSTALL_NAME_BASE = "@rpath";
				ENABLE_STRICT_OBJC_MSGSEND = YES;
				ENABLE_TESTABILITY = YES;
				GCC_NO_COMMON_BLOCKS = YES;
				GCC_WARN_64_TO_32_BIT_CONVERSION = YES;
				GCC_WARN_ABOUT_RETURN_TYPE = YES_ERROR;
				GCC_WARN_UNDECLARED_SELECTOR = YES;
				GCC_WARN_UNINITIALIZED_AUTOS = YES_AGGRESSIVE;
				GCC_WARN_UNUSED_FUNCTION = YES;
				INFOPLIST_FILE = PureEvilKit/Info.plist;
				INSTALL_PATH = "$(LOCAL_LIBRARY_DIR)/Frameworks";
				IPHONEOS_DEPLOYMENT_TARGET = 9.3;
				LD_RUNPATH_SEARCH_PATHS = "$(inherited) @executable_path/Frameworks @loader_path/Frameworks";
				MTL_ENABLE_DEBUG_INFO = YES;
				PRODUCT_BUNDLE_IDENTIFIER = com.wrsford.PureEvilKit;
				PRODUCT_NAME = "$(TARGET_NAME)";
				SKIP_INSTALL = YES;
				TARGETED_DEVICE_FAMILY = "1,2";
				VERSIONING_SYSTEM = "apple-generic";
				VERSION_INFO_PREFIX = "";
			};
			name = Debug;
		};
		FCAC1CBB1CBD70D4004B6BC5 /* Release */ = {
			isa = XCBuildConfiguration;
			buildSettings = {
				CLANG_ANALYZER_NONNULL = YES;
				CLANG_ENABLE_MODULES = YES;
				CLANG_WARN_BOOL_CONVERSION = YES;
				CLANG_WARN_CONSTANT_CONVERSION = YES;
				CLANG_WARN_DIRECT_OBJC_ISA_USAGE = YES_ERROR;
				CLANG_WARN_ENUM_CONVERSION = YES;
				CLANG_WARN_INT_CONVERSION = YES;
				CLANG_WARN_OBJC_ROOT_CLASS = YES_ERROR;
				CLANG_WARN_UNREACHABLE_CODE = YES;
				"CODE_SIGN_IDENTITY[sdk=iphoneos*]" = "iPhone Developer";
				COPY_PHASE_STRIP = NO;
				CURRENT_PROJECT_VERSION = 1;
				DEBUG_INFORMATION_FORMAT = "dwarf-with-dsym";
				DEFINES_MODULE = YES;
				DYLIB_COMPATIBILITY_VERSION = 1;
				DYLIB_CURRENT_VERSION = 1;
				DYLIB_INSTALL_NAME_BASE = "@rpath";
				ENABLE_NS_ASSERTIONS = NO;
				ENABLE_STRICT_OBJC_MSGSEND = YES;
				ENABLE_TESTABILITY = NO;
				GCC_NO_COMMON_BLOCKS = YES;
				GCC_WARN_64_TO_32_BIT_CONVERSION = YES;
				GCC_WARN_ABOUT_RETURN_TYPE = YES_ERROR;
				GCC_WARN_UNDECLARED_SELECTOR = YES;
				GCC_WARN_UNINITIALIZED_AUTOS = YES_AGGRESSIVE;
				GCC_WARN_UNUSED_FUNCTION = YES;
				INFOPLIST_FILE = PureEvilKit/Info.plist;
				INSTALL_PATH = "$(LOCAL_LIBRARY_DIR)/Frameworks";
				IPHONEOS_DEPLOYMENT_TARGET = 9.3;
				LD_RUNPATH_SEARCH_PATHS = "$(inherited) @executable_path/Frameworks @loader_path/Frameworks";
				MTL_ENABLE_DEBUG_INFO = NO;
				PRODUCT_BUNDLE_IDENTIFIER = com.wrsford.PureEvilKit;
				PRODUCT_NAME = "$(TARGET_NAME)";
				SKIP_INSTALL = YES;
				TARGETED_DEVICE_FAMILY = "1,2";
				VERSIONING_SYSTEM = "apple-generic";
				VERSION_INFO_PREFIX = "";
			};
			name = Release;
		};
		FCAC1CBE1CBD70D4004B6BC5 /* Debug */ = {
			isa = XCBuildConfiguration;
			buildSettings = {
				CLANG_ANALYZER_NONNULL = YES;
				CLANG_ENABLE_MODULES = YES;
				CLANG_WARN_BOOL_CONVERSION = YES;
				CLANG_WARN_CONSTANT_CONVERSION = YES;
				CLANG_WARN_DIRECT_OBJC_ISA_USAGE = YES_ERROR;
				CLANG_WARN_ENUM_CONVERSION = YES;
				CLANG_WARN_INT_CONVERSION = YES;
				CLANG_WARN_OBJC_ROOT_CLASS = YES_ERROR;
				CLANG_WARN_UNREACHABLE_CODE = YES;
				"CODE_SIGN_IDENTITY[sdk=iphoneos*]" = "iPhone Developer";
				DEBUG_INFORMATION_FORMAT = dwarf;
				ENABLE_STRICT_OBJC_MSGSEND = YES;
				ENABLE_TESTABILITY = YES;
				GCC_NO_COMMON_BLOCKS = YES;
				GCC_WARN_64_TO_32_BIT_CONVERSION = YES;
				GCC_WARN_ABOUT_RETURN_TYPE = YES_ERROR;
				GCC_WARN_UNDECLARED_SELECTOR = YES;
				GCC_WARN_UNINITIALIZED_AUTOS = YES_AGGRESSIVE;
				GCC_WARN_UNUSED_FUNCTION = YES;
				INFOPLIST_FILE = PureEvilKitTests/Info.plist;
				IPHONEOS_DEPLOYMENT_TARGET = 9.3;
				LD_RUNPATH_SEARCH_PATHS = "$(inherited) @executable_path/Frameworks @loader_path/Frameworks";
				MTL_ENABLE_DEBUG_INFO = YES;
				PRODUCT_BUNDLE_IDENTIFIER = com.wrsford.PureEvilKitTests;
				PRODUCT_NAME = "$(TARGET_NAME)";
			};
			name = Debug;
		};
		FCAC1CBF1CBD70D4004B6BC5 /* Release */ = {
			isa = XCBuildConfiguration;
			buildSettings = {
				CLANG_ANALYZER_NONNULL = YES;
				CLANG_ENABLE_MODULES = YES;
				CLANG_WARN_BOOL_CONVERSION = YES;
				CLANG_WARN_CONSTANT_CONVERSION = YES;
				CLANG_WARN_DIRECT_OBJC_ISA_USAGE = YES_ERROR;
				CLANG_WARN_ENUM_CONVERSION = YES;
				CLANG_WARN_INT_CONVERSION = YES;
				CLANG_WARN_OBJC_ROOT_CLASS = YES_ERROR;
				CLANG_WARN_UNREACHABLE_CODE = YES;
				"CODE_SIGN_IDENTITY[sdk=iphoneos*]" = "iPhone Developer";
				COPY_PHASE_STRIP = NO;
				DEBUG_INFORMATION_FORMAT = "dwarf-with-dsym";
				ENABLE_NS_ASSERTIONS = NO;
				ENABLE_STRICT_OBJC_MSGSEND = YES;
				GCC_NO_COMMON_BLOCKS = YES;
				GCC_WARN_64_TO_32_BIT_CONVERSION = YES;
				GCC_WARN_ABOUT_RETURN_TYPE = YES_ERROR;
				GCC_WARN_UNDECLARED_SELECTOR = YES;
				GCC_WARN_UNINITIALIZED_AUTOS = YES_AGGRESSIVE;
				GCC_WARN_UNUSED_FUNCTION = YES;
				INFOPLIST_FILE = PureEvilKitTests/Info.plist;
				IPHONEOS_DEPLOYMENT_TARGET = 9.3;
				LD_RUNPATH_SEARCH_PATHS = "$(inherited) @executable_path/Frameworks @loader_path/Frameworks";
				MTL_ENABLE_DEBUG_INFO = NO;
				PRODUCT_BUNDLE_IDENTIFIER = com.wrsford.PureEvilKitTests;
				PRODUCT_NAME = "$(TARGET_NAME)";
			};
			name = Release;
		};
/* End XCBuildConfiguration section */

/* Begin XCConfigurationList section */
		054A28FB16AB71D400C2B9B6 /* Build configuration list for PBXProject "libevil" */ = {
			isa = XCConfigurationList;
			buildConfigurations = (
				054A292416AB71D400C2B9B6 /* Debug */,
				054A292516AB71D400C2B9B6 /* Release */,
			);
			defaultConfigurationIsVisible = 0;
			defaultConfigurationName = Release;
		};
		054A292616AB71D400C2B9B6 /* Build configuration list for PBXNativeTarget "libevil" */ = {
			isa = XCConfigurationList;
			buildConfigurations = (
				054A292716AB71D400C2B9B6 /* Debug */,
				054A292816AB71D400C2B9B6 /* Release */,
			);
			defaultConfigurationIsVisible = 0;
			defaultConfigurationName = Release;
		};
		054A294A16AB85D100C2B9B6 /* Build configuration list for PBXNativeTarget "testEvil" */ = {
			isa = XCConfigurationList;
			buildConfigurations = (
				054A294B16AB85D100C2B9B6 /* Debug */,
				054A294C16AB85D100C2B9B6 /* Release */,
			);
			defaultConfigurationIsVisible = 0;
			defaultConfigurationName = Release;
		};
		FCAC1CB91CBD70D4004B6BC5 /* Build configuration list for PBXNativeTarget "PureEvilKit" */ = {
			isa = XCConfigurationList;
			buildConfigurations = (
				FCAC1CBA1CBD70D4004B6BC5 /* Debug */,
				FCAC1CBB1CBD70D4004B6BC5 /* Release */,
			);
			defaultConfigurationIsVisible = 0;
			defaultConfigurationName = Release;
		};
		FCAC1CBD1CBD70D4004B6BC5 /* Build configuration list for PBXNativeTarget "PureEvilKitTests" */ = {
			isa = XCConfigurationList;
			buildConfigurations = (
				FCAC1CBE1CBD70D4004B6BC5 /* Debug */,
				FCAC1CBF1CBD70D4004B6BC5 /* Release */,
			);
			defaultConfigurationIsVisible = 0;
			defaultConfigurationName = Release;
		};
/* End XCConfigurationList section */
	};
	rootObject = 054A28F816AB71D400C2B9B6 /* Project object */;
}
